
Microsoft Visual Studio Solution File, Format Version 12.00
# Visual Studio Version 17
VisualStudioVersion = 17.5.33530.505
MinimumVisualStudioVersion = 10.0.40219.1
Project("{9A19103F-16F7-4668-BE54-9A1E7A4F7556}") = "Attornatus.Api", "Attornatus.Application\Attornatus.Api.csproj", "{B98DA14B-7C4A-4616-ACEC-15C492C3FF65}"
EndProject
Project("{9A19103F-16F7-4668-BE54-9A1E7A4F7556}") = "Attornatus.Core", "Attornatus.Core\Attornatus.Core.csproj", "{9908E409-26B0-419E-AE9E-A70D48B633E1}"
EndProject
Project("{9A19103F-16F7-4668-BE54-9A1E7A4F7556}") = "Attornatus.InfraData", "Attornatus.InfraData\Attornatus.InfraData.csproj", "{1B01A981-7235-475B-A886-580FED29C6EA}"
EndProject
Project("{9A19103F-16F7-4668-BE54-9A1E7A4F7556}") = "Attornatus.Services", "Attornatus.Services\Attornatus.Services.csproj", "{DD1A4B24-9D23-4431-A4C4-33514D2BF67B}"
EndProject
Global
	GlobalSection(SolutionConfigurationPlatforms) = preSolution
		Debug|Any CPU = Debug|Any CPU
		Release|Any CPU = Release|Any CPU
	EndGlobalSection
	GlobalSection(ProjectConfigurationPlatforms) = postSolution
		{B98DA14B-7C4A-4616-ACEC-15C492C3FF65}.Debug|Any CPU.ActiveCfg = Debug|Any CPU
		{B98DA14B-7C4A-4616-ACEC-15C492C3FF65}.Debug|Any CPU.Build.0 = Debug|Any CPU
		{B98DA14B-7C4A-4616-ACEC-15C492C3FF65}.Release|Any CPU.ActiveCfg = Release|Any CPU
		{B98DA14B-7C4A-4616-ACEC-15C492C3FF65}.Release|Any CPU.Build.0 = Release|Any CPU
		{9908E409-26B0-419E-AE9E-A70D48B633E1}.Debug|Any CPU.ActiveCfg = Debug|Any CPU
		{9908E409-26B0-419E-AE9E-A70D48B633E1}.Debug|Any CPU.Build.0 = Debug|Any CPU
		{9908E409-26B0-419E-AE9E-A70D48B633E1}.Release|Any CPU.ActiveCfg = Release|Any CPU
		{9908E409-26B0-419E-AE9E-A70D48B633E1}.Release|Any CPU.Build.0 = Release|Any CPU
		{1B01A981-7235-475B-A886-580FED29C6EA}.Debug|Any CPU.ActiveCfg = Debug|Any CPU
		{1B01A981-7235-475B-A886-580FED29C6EA}.Debug|Any CPU.Build.0 = Debug|Any CPU
		{1B01A981-7235-475B-A886-580FED29C6EA}.Release|Any CPU.ActiveCfg = Release|Any CPU
		{1B01A981-7235-475B-A886-580FED29C6EA}.Release|Any CPU.Build.0 = Release|Any CPU
		{DD1A4B24-9D23-4431-A4C4-33514D2BF67B}.Debug|Any CPU.ActiveCfg = Debug|Any CPU
		{DD1A4B24-9D23-4431-A4C4-33514D2BF67B}.Debug|Any CPU.Build.0 = Debug|Any CPU
		{DD1A4B24-9D23-4431-A4C4-33514D2BF67B}.Release|Any CPU.ActiveCfg = Release|Any CPU
		{DD1A4B24-9D23-4431-A4C4-33514D2BF67B}.Release|Any CPU.Build.0 = Release|Any CPU
	EndGlobalSection
	GlobalSection(SolutionProperties) = preSolution
		HideSolutionNode = FALSE
	EndGlobalSection
	GlobalSection(ExtensibilityGlobals) = postSolution
		SolutionGuid = {D362070C-0044-4ED9-B386-7F8EB4E1323F}
	EndGlobalSection
EndGlobal
